Microsoft Visual Studio Solution File, Format Version 12.00
# Visual Studio Version 17
VisualStudioVersion = 17.5.2.0
MinimumVisualStudioVersion = 10.0.40219.1
Project("{FAE04EC0-301F-11D3-BF4B-00C04F79EFBC}") = "AsteroidsServer", "AsteroidsServer.csproj", "{36B1F436-6524-B3A9-FCED-A8B27E2190DF}"
EndProject
Global
	GlobalSection(SolutionConfigurationPlatforms) = preSolution
		Debug|Any CPU = Debug|Any CPU
		Release|Any CPU = Release|Any CPU
	EndGlobalSection
	GlobalSection(ProjectConfigurationPlatforms) = postSolution
		{36B1F436-6524-B3A9-FCED-A8B27E2190DF}.Debug|Any CPU.ActiveCfg = Debug|Any CPU
		{36B1F436-6524-B3A9-FCED-A8B27E2190DF}.Debug|Any CPU.Build.0 = Debug|Any CPU
		{36B1F436-6524-B3A9-FCED-A8B27E2190DF}.Release|Any CPU.ActiveCfg = Release|Any CPU
		{36B1F436-6524-B3A9-FCED-A8B27E2190DF}.Release|Any CPU.Build.0 = Release|Any CPU
	EndGlobalSection
	GlobalSection(SolutionProperties) = preSolution
		HideSolutionNode = FALSE
	EndGlobalSection
	GlobalSection(ExtensibilityGlobals) = postSolution
		SolutionGuid = {A5C2B81E-3802-47A7-A821-21A49DB09892}
	EndGlobalSection
EndGlobal
